
Microsoft Visual Studio Solution File, Format Version 12.00
# Visual Studio Version 17
VisualStudioVersion = 17.11.35327.3
MinimumVisualStudioVersion = 10.0.40219.1
Project("{9A19103F-16F7-4668-BE54-9A1E7A4F7556}") = "DiabetesApp", "DiabetesApp\DiabetesApp.csproj", "{2340871B-D56E-4377-AA5B-4088C41079A1}"
EndProject
Project("{9A19103F-16F7-4668-BE54-9A1E7A4F7556}") = "DiabetesAppFrontend", "DiabetesAppFrontend\DiabetesAppFrontend.csproj", "{546FA4C0-555C-4B90-A8F3-4403348C8AB4}"
EndProject
Project("{2150E333-8FDC-42A3-9474-1A3956D46DE8}") = "Api", "Api", "{83F3B052-AEFD-4353-9748-4D1C41861E30}"
EndProject
Project("{FAE04EC0-301F-11D3-BF4B-00C04F79EFBC}") = "Demo.ApiClient", "Demo.ApiClient\Demo.ApiClient.csproj", "{C0497921-C23F-4AE8-A3DA-6A867E83B535}"
EndProject
Global
	GlobalSection(SolutionConfigurationPlatforms) = preSolution
		Debug|Any CPU = Debug|Any CPU
		Release|Any CPU = Release|Any CPU
	EndGlobalSection
	GlobalSection(ProjectConfigurationPlatforms) = postSolution
		{2340871B-D56E-4377-AA5B-4088C41079A1}.Debug|Any CPU.ActiveCfg = Debug|Any CPU
		{2340871B-D56E-4377-AA5B-4088C41079A1}.Debug|Any CPU.Build.0 = Debug|Any CPU
		{2340871B-D56E-4377-AA5B-4088C41079A1}.Release|Any CPU.ActiveCfg = Release|Any CPU
		{2340871B-D56E-4377-AA5B-4088C41079A1}.Release|Any CPU.Build.0 = Release|Any CPU
		{546FA4C0-555C-4B90-A8F3-4403348C8AB4}.Debug|Any CPU.ActiveCfg = Debug|Any CPU
		{546FA4C0-555C-4B90-A8F3-4403348C8AB4}.Debug|Any CPU.Build.0 = Debug|Any CPU
		{546FA4C0-555C-4B90-A8F3-4403348C8AB4}.Debug|Any CPU.Deploy.0 = Debug|Any CPU
		{546FA4C0-555C-4B90-A8F3-4403348C8AB4}.Release|Any CPU.ActiveCfg = Release|Any CPU
		{546FA4C0-555C-4B90-A8F3-4403348C8AB4}.Release|Any CPU.Build.0 = Release|Any CPU
		{546FA4C0-555C-4B90-A8F3-4403348C8AB4}.Release|Any CPU.Deploy.0 = Release|Any CPU
		{C0497921-C23F-4AE8-A3DA-6A867E83B535}.Debug|Any CPU.ActiveCfg = Debug|Any CPU
		{C0497921-C23F-4AE8-A3DA-6A867E83B535}.Debug|Any CPU.Build.0 = Debug|Any CPU
		{C0497921-C23F-4AE8-A3DA-6A867E83B535}.Release|Any CPU.ActiveCfg = Release|Any CPU
		{C0497921-C23F-4AE8-A3DA-6A867E83B535}.Release|Any CPU.Build.0 = Release|Any CPU
	EndGlobalSection
	GlobalSection(SolutionProperties) = preSolution
		HideSolutionNode = FALSE
	EndGlobalSection
	GlobalSection(NestedProjects) = preSolution
		{2340871B-D56E-4377-AA5B-4088C41079A1} = {83F3B052-AEFD-4353-9748-4D1C41861E30}
		{C0497921-C23F-4AE8-A3DA-6A867E83B535} = {83F3B052-AEFD-4353-9748-4D1C41861E30}
	EndGlobalSection
	GlobalSection(ExtensibilityGlobals) = postSolution
		SolutionGuid = {586F9F81-411B-40CA-908F-26E4C456513C}
	EndGlobalSection
EndGlobal
